
Microsoft Visual Studio Solution File, Format Version 12.00
# Visual Studio Version 17
VisualStudioVersion = 17.13.35919.96 d17.13
MinimumVisualStudioVersion = 10.0.40219.1
Project("{FAE04EC0-301F-11D3-BF4B-00C04F79EFBC}") = "WindowsFormsApp_17_Thread", "WindowsFormsApp_17_Thread\WindowsFormsApp_17_Thread.csproj", "{CCCF45C7-F90C-4C34-B892-56FD5EAAEAA9}"
EndProject
Global
	GlobalSection(SolutionConfigurationPlatforms) = preSolution
		Debug|Any CPU = Debug|Any CPU
		Release|Any CPU = Release|Any CPU
	EndGlobalSection
	GlobalSection(ProjectConfigurationPlatforms) = postSolution
		{CCCF45C7-F90C-4C34-B892-56FD5EAAEAA9}.Debug|Any CPU.ActiveCfg = Debug|Any CPU
		{CCCF45C7-F90C-4C34-B892-56FD5EAAEAA9}.Debug|Any CPU.Build.0 = Debug|Any CPU
		{CCCF45C7-F90C-4C34-B892-56FD5EAAEAA9}.Release|Any CPU.ActiveCfg = Release|Any CPU
		{CCCF45C7-F90C-4C34-B892-56FD5EAAEAA9}.Release|Any CPU.Build.0 = Release|Any CPU
	EndGlobalSection
	GlobalSection(SolutionProperties) = preSolution
		HideSolutionNode = FALSE
	EndGlobalSection
	GlobalSection(ExtensibilityGlobals) = postSolution
		SolutionGuid = {7991B33C-69D5-4ECE-A919-24715BA15184}
	EndGlobalSection
EndGlobal
